
Microsoft Visual Studio Solution File, Format Version 12.00
# Visual Studio 2013
VisualStudioVersion = 12.0.21005.1
MinimumVisualStudioVersion = 10.0.40219.1
Project("{E24C65DC-7377-472B-9ABA-BC803B73C61A}") = "EnergyMonitoringWeb", "http://localhost:38911", "{F6ED89CF-1D0A-453C-A07E-77C67534CD5C}"
	ProjectSection(WebsiteProperties) = preProject
		UseIISExpress = "true"
		TargetFrameworkMoniker = ".NETFramework,Version%3Dv4.5"
		Debug.AspNetCompiler.VirtualPath = "/localhost_38911"
		Debug.AspNetCompiler.PhysicalPath = "D:\gitworkspace\EnergyMonitoringWeb\"
		Debug.AspNetCompiler.TargetPath = "PrecompiledWeb\localhost_38911\"
		Debug.AspNetCompiler.Updateable = "true"
		Debug.AspNetCompiler.ForceOverwrite = "true"
		Debug.AspNetCompiler.FixedNames = "false"
		Debug.AspNetCompiler.Debug = "True"
		Release.AspNetCompiler.VirtualPath = "/localhost_38911"
		Release.AspNetCompiler.PhysicalPath = "D:\gitworkspace\EnergyMonitoringWeb\"
		Release.AspNetCompiler.TargetPath = "PrecompiledWeb\localhost_38911\"
		Release.AspNetCompiler.Updateable = "true"
		Release.AspNetCompiler.ForceOverwrite = "true"
		Release.AspNetCompiler.FixedNames = "false"
		Release.AspNetCompiler.Debug = "False"
		SlnRelativePath = "D:\gitworkspace\EnergyMonitoringWeb\"
		DefaultWebSiteLanguage = "Visual Basic"
	EndProjectSection
EndProject
Global
	GlobalSection(SolutionConfigurationPlatforms) = preSolution
		Debug|Any CPU = Debug|Any CPU
	EndGlobalSection
	GlobalSection(ProjectConfigurationPlatforms) = postSolution
		{F6ED89CF-1D0A-453C-A07E-77C67534CD5C}.Debug|Any CPU.ActiveCfg = Debug|Any CPU
		{F6ED89CF-1D0A-453C-A07E-77C67534CD5C}.Debug|Any CPU.Build.0 = Debug|Any CPU
	EndGlobalSection
	GlobalSection(SolutionProperties) = preSolution
		HideSolutionNode = FALSE
	EndGlobalSection
EndGlobal
